
Microsoft Visual Studio Solution File, Format Version 12.00
# Visual Studio 15
VisualStudioVersion = 15.0.28307.1169
MinimumVisualStudioVersion = 10.0.40219.1
Project("{FAE04EC0-301F-11D3-BF4B-00C04F79EFBC}") = "appsStore", "appsStore\appsStore.csproj", "{039C8952-C2CF-4F10-B6F9-72830AF2EDB5}"
EndProject
Global
	GlobalSection(SolutionConfigurationPlatforms) = preSolution
		Debug|Any CPU = Debug|Any CPU
		Release|Any CPU = Release|Any CPU
	EndGlobalSection
	GlobalSection(ProjectConfigurationPlatforms) = postSolution
		{039C8952-C2CF-4F10-B6F9-72830AF2EDB5}.Debug|Any CPU.ActiveCfg = Debug|Any CPU
		{039C8952-C2CF-4F10-B6F9-72830AF2EDB5}.Debug|Any CPU.Build.0 = Debug|Any CPU
		{039C8952-C2CF-4F10-B6F9-72830AF2EDB5}.Release|Any CPU.ActiveCfg = Release|Any CPU
		{039C8952-C2CF-4F10-B6F9-72830AF2EDB5}.Release|Any CPU.Build.0 = Release|Any CPU
	EndGlobalSection
	GlobalSection(SolutionProperties) = preSolution
		HideSolutionNode = FALSE
	EndGlobalSection
	GlobalSection(ExtensibilityGlobals) = postSolution
		SolutionGuid = {8BBFAB71-2422-45C6-89A9-AF96DEB58261}
	EndGlobalSection
EndGlobal
